
Microsoft Visual Studio Solution File, Format Version 12.00
# Visual Studio Version 17
VisualStudioVersion = 17.4.33213.308
MinimumVisualStudioVersion = 10.0.40219.1
Project("{FAE04EC0-301F-11D3-BF4B-00C04F79EFBC}") = "MonthlySalary", "MonthlySalary.csproj", "{0DF56E88-0221-4542-A52E-C5591CD530D2}"
EndProject
Global
	GlobalSection(SolutionConfigurationPlatforms) = preSolution
		Debug|Any CPU = Debug|Any CPU
		Release|Any CPU = Release|Any CPU
	EndGlobalSection
	GlobalSection(ProjectConfigurationPlatforms) = postSolution
		{0DF56E88-0221-4542-A52E-C5591CD530D2}.Debug|Any CPU.ActiveCfg = Debug|Any CPU
		{0DF56E88-0221-4542-A52E-C5591CD530D2}.Debug|Any CPU.Build.0 = Debug|Any CPU
		{0DF56E88-0221-4542-A52E-C5591CD530D2}.Release|Any CPU.ActiveCfg = Release|Any CPU
		{0DF56E88-0221-4542-A52E-C5591CD530D2}.Release|Any CPU.Build.0 = Release|Any CPU
	EndGlobalSection
	GlobalSection(SolutionProperties) = preSolution
		HideSolutionNode = FALSE
	EndGlobalSection
	GlobalSection(ExtensibilityGlobals) = postSolution
		SolutionGuid = {6AD88E44-B3F9-49E2-95F5-1BF0B92FA237}
	EndGlobalSection
EndGlobal
